
Microsoft Visual Studio Solution File, Format Version 12.00
# Visual Studio Version 17
VisualStudioVersion = 17.14.36511.14 d17.14
MinimumVisualStudioVersion = 10.0.40219.1
Project("{FAE04EC0-301F-11D3-BF4B-00C04F79EFBC}") = "grade normalizer", "grade normalizer.csproj", "{5346B842-0CA2-446B-9702-EE25678C873E}"
EndProject
Global
	GlobalSection(SolutionConfigurationPlatforms) = preSolution
		Debug|Any CPU = Debug|Any CPU
		Release|Any CPU = Release|Any CPU
	EndGlobalSection
	GlobalSection(ProjectConfigurationPlatforms) = postSolution
		{5346B842-0CA2-446B-9702-EE25678C873E}.Debug|Any CPU.ActiveCfg = Debug|Any CPU
		{5346B842-0CA2-446B-9702-EE25678C873E}.Debug|Any CPU.Build.0 = Debug|Any CPU
		{5346B842-0CA2-446B-9702-EE25678C873E}.Release|Any CPU.ActiveCfg = Release|Any CPU
		{5346B842-0CA2-446B-9702-EE25678C873E}.Release|Any CPU.Build.0 = Release|Any CPU
	EndGlobalSection
	GlobalSection(SolutionProperties) = preSolution
		HideSolutionNode = FALSE
	EndGlobalSection
	GlobalSection(ExtensibilityGlobals) = postSolution
		SolutionGuid = {0A708AC4-EED3-44A8-92B6-5D84C43F1E2E}
	EndGlobalSection
EndGlobal
